
Microsoft Visual Studio Solution File, Format Version 12.00
# Visual Studio Version 16
VisualStudioVersion = 16.0.30413.136
MinimumVisualStudioVersion = 10.0.40219.1
Project("{FAE04EC0-301F-11D3-BF4B-00C04F79EFBC}") = "App1.UWP", "App1.UWP\App1.UWP.csproj", "{E2976918-1055-4E3B-BD4C-BAD62B31E3D6}"
EndProject
Project("{FAE04EC0-301F-11D3-BF4B-00C04F79EFBC}") = "App1.Android", "App1.Android\App1.Android.csproj", "{5FA55513-194F-4140-AAD6-835F73882430}"
EndProject
Project("{FAE04EC0-301F-11D3-BF4B-00C04F79EFBC}") = "App1.iOS", "App1.iOS\App1.iOS.csproj", "{A8A4C1DC-C9A8-4377-82B4-B3F056D05B66}"
EndProject
Project("{FAE04EC0-301F-11D3-BF4B-00C04F79EFBC}") = "App1", "App1\App1.csproj", "{17EC469E-6DBF-45B2-A383-F33D27DA4CF9}"
EndProject
Global
	GlobalSection(SolutionConfigurationPlatforms) = preSolution
		Debug|Any CPU = Debug|Any CPU
		Debug|ARM = Debug|ARM
		Debug|iPhone = Debug|iPhone
		Debug|iPhoneSimulator = Debug|iPhoneSimulator
		Debug|x64 = Debug|x64
		Debug|x86 = Debug|x86
		Release|Any CPU = Release|Any CPU
		Release|ARM = Release|ARM
		Release|iPhone = Release|iPhone
		Release|iPhoneSimulator = Release|iPhoneSimulator
		Release|x64 = Release|x64
		Release|x86 = Release|x86
	EndGlobalSection
	GlobalSection(ProjectConfigurationPlatforms) = postSolution
		{E2976918-1055-4E3B-BD4C-BAD62B31E3D6}.Debug|Any CPU.ActiveCfg = Debug|x86
		{E2976918-1055-4E3B-BD4C-BAD62B31E3D6}.Debug|Any CPU.Build.0 = Debug|x86
		{E2976918-1055-4E3B-BD4C-BAD62B31E3D6}.Debug|Any CPU.Deploy.0 = Debug|x86
		{E2976918-1055-4E3B-BD4C-BAD62B31E3D6}.Debug|ARM.ActiveCfg = Debug|ARM
		{E2976918-1055-4E3B-BD4C-BAD62B31E3D6}.Debug|ARM.Build.0 = Debug|ARM
		{E2976918-1055-4E3B-BD4C-BAD62B31E3D6}.Debug|ARM.Deploy.0 = Debug|ARM
		{E2976918-1055-4E3B-BD4C-BAD62B31E3D6}.Debug|iPhone.ActiveCfg = Debug|x86
		{E2976918-1055-4E3B-BD4C-BAD62B31E3D6}.Debug|iPhone.Build.0 = Debug|x86
		{E2976918-1055-4E3B-BD4C-BAD62B31E3D6}.Debug|iPhone.Deploy.0 = Debug|x86
		{E2976918-1055-4E3B-BD4C-BAD62B31E3D6}.Debug|iPhoneSimulator.ActiveCfg = Debug|x86
		{E2976918-1055-4E3B-BD4C-BAD62B31E3D6}.Debug|iPhoneSimulator.Build.0 = Debug|x86
		{E2976918-1055-4E3B-BD4C-BAD62B31E3D6}.Debug|iPhoneSimulator.Deploy.0 = Debug|x86
		{E2976918-1055-4E3B-BD4C-BAD62B31E3D6}.Debug|x64.ActiveCfg = Debug|x64
		{E2976918-1055-4E3B-BD4C-BAD62B31E3D6}.Debug|x64.Build.0 = Debug|x64
		{E2976918-1055-4E3B-BD4C-BAD62B31E3D6}.Debug|x64.Deploy.0 = Debug|x64
		{E2976918-1055-4E3B-BD4C-BAD62B31E3D6}.Debug|x86.ActiveCfg = Debug|x86
		{E2976918-1055-4E3B-BD4C-BAD62B31E3D6}.Debug|x86.Build.0 = Debug|x86
		{E2976918-1055-4E3B-BD4C-BAD62B31E3D6}.Debug|x86.Deploy.0 = Debug|x86
		{E2976918-1055-4E3B-BD4C-BAD62B31E3D6}.Release|Any CPU.ActiveCfg = Release|x86
		{E2976918-1055-4E3B-BD4C-BAD62B31E3D6}.Release|Any CPU.Build.0 = Release|x86
		{E2976918-1055-4E3B-BD4C-BAD62B31E3D6}.Release|Any CPU.Deploy.0 = Release|x86
		{E2976918-1055-4E3B-BD4C-BAD62B31E3D6}.Release|ARM.ActiveCfg = Release|ARM
		{E2976918-1055-4E3B-BD4C-BAD62B31E3D6}.Release|ARM.Build.0 = Release|ARM
		{E2976918-1055-4E3B-BD4C-BAD62B31E3D6}.Release|ARM.Deploy.0 = Release|ARM
		{E2976918-1055-4E3B-BD4C-BAD62B31E3D6}.Release|iPhone.ActiveCfg = Release|x86
		{E2976918-1055-4E3B-BD4C-BAD62B31E3D6}.Release|iPhone.Build.0 = Release|x86
		{E2976918-1055-4E3B-BD4C-BAD62B31E3D6}.Release|iPhone.Deploy.0 = Release|x86
		{E2976918-1055-4E3B-BD4C-BAD62B31E3D6}.Release|iPhoneSimulator.ActiveCfg = Release|x86
		{E2976918-1055-4E3B-BD4C-BAD62B31E3D6}.Release|iPhoneSimulator.Build.0 = Release|x86
		{E2976918-1055-4E3B-BD4C-BAD62B31E3D6}.Release|iPhoneSimulator.Deploy.0 = Release|x86
		{E2976918-1055-4E3B-BD4C-BAD62B31E3D6}.Release|x64.ActiveCfg = Release|x64
		{E2976918-1055-4E3B-BD4C-BAD62B31E3D6}.Release|x64.Build.0 = Release|x64
		{E2976918-1055-4E3B-BD4C-BAD62B31E3D6}.Release|x64.Deploy.0 = Release|x64
		{E2976918-1055-4E3B-BD4C-BAD62B31E3D6}.Release|x86.ActiveCfg = Release|x86
		{E2976918-1055-4E3B-BD4C-BAD62B31E3D6}.Release|x86.Build.0 = Release|x86
		{E2976918-1055-4E3B-BD4C-BAD62B31E3D6}.Release|x86.Deploy.0 = Release|x86
		{5FA55513-194F-4140-AAD6-835F73882430}.Debug|Any CPU.ActiveCfg = Debug|Any CPU
		{5FA55513-194F-4140-AAD6-835F73882430}.Debug|Any CPU.Build.0 = Debug|Any CPU
		{5FA55513-194F-4140-AAD6-835F73882430}.Debug|Any CPU.Deploy.0 = Debug|Any CPU
		{5FA55513-194F-4140-AAD6-835F73882430}.Debug|ARM.ActiveCfg = Debug|Any CPU
		{5FA55513-194F-4140-AAD6-835F73882430}.Debug|ARM.Build.0 = Debug|Any CPU
		{5FA55513-194F-4140-AAD6-835F73882430}.Debug|ARM.Deploy.0 = Debug|Any CPU
		{5FA55513-194F-4140-AAD6-835F73882430}.Debug|iPhone.ActiveCfg = Debug|Any CPU
		{5FA55513-194F-4140-AAD6-835F73882430}.Debug|iPhone.Build.0 = Debug|Any CPU
		{5FA55513-194F-4140-AAD6-835F73882430}.Debug|iPhone.Deploy.0 = Debug|Any CPU
		{5FA55513-194F-4140-AAD6-835F73882430}.Debug|iPhoneSimulator.ActiveCfg = Debug|Any CPU
		{5FA55513-194F-4140-AAD6-835F73882430}.Debug|iPhoneSimulator.Build.0 = Debug|Any CPU
		{5FA55513-194F-4140-AAD6-835F73882430}.Debug|iPhoneSimulator.Deploy.0 = Debug|Any CPU
		{5FA55513-194F-4140-AAD6-835F73882430}.Debug|x64.ActiveCfg = Debug|Any CPU
		{5FA55513-194F-4140-AAD6-835F73882430}.Debug|x64.Build.0 = Debug|Any CPU
		{5FA55513-194F-4140-AAD6-835F73882430}.Debug|x64.Deploy.0 = Debug|Any CPU
		{5FA55513-194F-4140-AAD6-835F73882430}.Debug|x86.ActiveCfg = Debug|Any CPU
		{5FA55513-194F-4140-AAD6-835F73882430}.Debug|x86.Build.0 = Debug|Any CPU
		{5FA55513-194F-4140-AAD6-835F73882430}.Debug|x86.Deploy.0 = Debug|Any CPU
		{5FA55513-194F-4140-AAD6-835F73882430}.Release|Any CPU.ActiveCfg = Release|Any CPU
		{5FA55513-194F-4140-AAD6-835F73882430}.Release|Any CPU.Build.0 = Release|Any CPU
		{5FA55513-194F-4140-AAD6-835F73882430}.Release|Any CPU.Deploy.0 = Release|Any CPU
		{5FA55513-194F-4140-AAD6-835F73882430}.Release|ARM.ActiveCfg = Release|Any CPU
		{5FA55513-194F-4140-AAD6-835F73882430}.Release|ARM.Build.0 = Release|Any CPU
		{5FA55513-194F-4140-AAD6-835F73882430}.Release|ARM.Deploy.0 = Release|Any CPU
		{5FA55513-194F-4140-AAD6-835F73882430}.Release|iPhone.ActiveCfg = Release|Any CPU
		{5FA55513-194F-4140-AAD6-835F73882430}.Release|iPhone.Build.0 = Release|Any CPU
		{5FA55513-194F-4140-AAD6-835F73882430}.Release|iPhone.Deploy.0 = Release|Any CPU
		{5FA55513-194F-4140-AAD6-835F73882430}.Release|iPhoneSimulator.ActiveCfg = Release|Any CPU
		{5FA55513-194F-4140-AAD6-835F73882430}.Release|iPhoneSimulator.Build.0 = Release|Any CPU
		{5FA55513-194F-4140-AAD6-835F73882430}.Release|iPhoneSimulator.Deploy.0 = Release|Any CPU
		{5FA55513-194F-4140-AAD6-835F73882430}.Release|x64.ActiveCfg = Release|Any CPU
		{5FA55513-194F-4140-AAD6-835F73882430}.Release|x64.Build.0 = Release|Any CPU
		{5FA55513-194F-4140-AAD6-835F73882430}.Release|x64.Deploy.0 = Release|Any CPU
		{5FA55513-194F-4140-AAD6-835F73882430}.Release|x86.ActiveCfg = Release|Any CPU
		{5FA55513-194F-4140-AAD6-835F73882430}.Release|x86.Build.0 = Release|Any CPU
		{5FA55513-194F-4140-AAD6-835F73882430}.Release|x86.Deploy.0 = Release|Any CPU
		{A8A4C1DC-C9A8-4377-82B4-B3F056D05B66}.Debug|Any CPU.ActiveCfg = Debug|iPhone
		{A8A4C1DC-C9A8-4377-82B4-B3F056D05B66}.Debug|Any CPU.Build.0 = Debug|iPhone
		{A8A4C1DC-C9A8-4377-82B4-B3F056D05B66}.Debug|Any CPU.Deploy.0 = Debug|iPhone
		{A8A4C1DC-C9A8-4377-82B4-B3F056D05B66}.Debug|ARM.ActiveCfg = Debug|iPhone
		{A8A4C1DC-C9A8-4377-82B4-B3F056D05B66}.Debug|ARM.Build.0 = Debug|iPhone
		{A8A4C1DC-C9A8-4377-82B4-B3F056D05B66}.Debug|ARM.Deploy.0 = Debug|iPhone
		{A8A4C1DC-C9A8-4377-82B4-B3F056D05B66}.Debug|iPhone.ActiveCfg = Debug|iPhone
		{A8A4C1DC-C9A8-4377-82B4-B3F056D05B66}.Debug|iPhone.Build.0 = Debug|iPhone
		{A8A4C1DC-C9A8-4377-82B4-B3F056D05B66}.Debug|iPhone.Deploy.0 = Debug|iPhone
		{A8A4C1DC-C9A8-4377-82B4-B3F056D05B66}.Debug|iPhoneSimulator.ActiveCfg = Debug|iPhoneSimulator
		{A8A4C1DC-C9A8-4377-82B4-B3F056D05B66}.Debug|iPhoneSimulator.Build.0 = Debug|iPhoneSimulator
		{A8A4C1DC-C9A8-4377-82B4-B3F056D05B66}.Debug|iPhoneSimulator.Deploy.0 = Debug|iPhoneSimulator
		{A8A4C1DC-C9A8-4377-82B4-B3F056D05B66}.Debug|x64.ActiveCfg = Debug|iPhone
		{A8A4C1DC-C9A8-4377-82B4-B3F056D05B66}.Debug|x64.Build.0 = Debug|iPhone
		{A8A4C1DC-C9A8-4377-82B4-B3F056D05B66}.Debug|x64.Deploy.0 = Debug|iPhone
		{A8A4C1DC-C9A8-4377-82B4-B3F056D05B66}.Debug|x86.ActiveCfg = Debug|iPhone
		{A8A4C1DC-C9A8-4377-82B4-B3F056D05B66}.Debug|x86.Build.0 = Debug|iPhone
		{A8A4C1DC-C9A8-4377-82B4-B3F056D05B66}.Debug|x86.Deploy.0 = Debug|iPhone
		{A8A4C1DC-C9A8-4377-82B4-B3F056D05B66}.Release|Any CPU.ActiveCfg = Release|iPhone
		{A8A4C1DC-C9A8-4377-82B4-B3F056D05B66}.Release|Any CPU.Build.0 = Release|iPhone
		{A8A4C1DC-C9A8-4377-82B4-B3F056D05B66}.Release|Any CPU.Deploy.0 = Release|iPhone
		{A8A4C1DC-C9A8-4377-82B4-B3F056D05B66}.Release|ARM.ActiveCfg = Release|iPhone
		{A8A4C1DC-C9A8-4377-82B4-B3F056D05B66}.Release|ARM.Build.0 = Release|iPhone
		{A8A4C1DC-C9A8-4377-82B4-B3F056D05B66}.Release|ARM.Deploy.0 = Release|iPhone
		{A8A4C1DC-C9A8-4377-82B4-B3F056D05B66}.Release|iPhone.ActiveCfg = Release|iPhone
		{A8A4C1DC-C9A8-4377-82B4-B3F056D05B66}.Release|iPhone.Build.0 = Release|iPhone
		{A8A4C1DC-C9A8-4377-82B4-B3F056D05B66}.Release|iPhone.Deploy.0 = Release|iPhone
		{A8A4C1DC-C9A8-4377-82B4-B3F056D05B66}.Release|iPhoneSimulator.ActiveCfg = Release|iPhoneSimulator
		{A8A4C1DC-C9A8-4377-82B4-B3F056D05B66}.Release|iPhoneSimulator.Build.0 = Release|iPhoneSimulator
		{A8A4C1DC-C9A8-4377-82B4-B3F056D05B66}.Release|iPhoneSimulator.Deploy.0 = Release|iPhoneSimulator
		{A8A4C1DC-C9A8-4377-82B4-B3F056D05B66}.Release|x64.ActiveCfg = Release|iPhone
		{A8A4C1DC-C9A8-4377-82B4-B3F056D05B66}.Release|x64.Build.0 = Release|iPhone
		{A8A4C1DC-C9A8-4377-82B4-B3F056D05B66}.Release|x64.Deploy.0 = Release|iPhone
		{A8A4C1DC-C9A8-4377-82B4-B3F056D05B66}.Release|x86.ActiveCfg = Release|iPhone
		{A8A4C1DC-C9A8-4377-82B4-B3F056D05B66}.Release|x86.Build.0 = Release|iPhone
		{A8A4C1DC-C9A8-4377-82B4-B3F056D05B66}.Release|x86.Deploy.0 = Release|iPhone
		{17EC469E-6DBF-45B2-A383-F33D27DA4CF9}.Debug|Any CPU.ActiveCfg = Debug|Any CPU
		{17EC469E-6DBF-45B2-A383-F33D27DA4CF9}.Debug|Any CPU.Build.0 = Debug|Any CPU
		{17EC469E-6DBF-45B2-A383-F33D27DA4CF9}.Debug|Any CPU.Deploy.0 = Debug|Any CPU
		{17EC469E-6DBF-45B2-A383-F33D27DA4CF9}.Debug|ARM.ActiveCfg = Debug|Any CPU
		{17EC469E-6DBF-45B2-A383-F33D27DA4CF9}.Debug|ARM.Build.0 = Debug|Any CPU
		{17EC469E-6DBF-45B2-A383-F33D27DA4CF9}.Debug|ARM.Deploy.0 = Debug|Any CPU
		{17EC469E-6DBF-45B2-A383-F33D27DA4CF9}.Debug|iPhone.ActiveCfg = Debug|Any CPU
		{17EC469E-6DBF-45B2-A383-F33D27DA4CF9}.Debug|iPhone.Build.0 = Debug|Any CPU
		{17EC469E-6DBF-45B2-A383-F33D27DA4CF9}.Debug|iPhone.Deploy.0 = Debug|Any CPU
		{17EC469E-6DBF-45B2-A383-F33D27DA4CF9}.Debug|iPhoneSimulator.ActiveCfg = Debug|Any CPU
		{17EC469E-6DBF-45B2-A383-F33D27DA4CF9}.Debug|iPhoneSimulator.Build.0 = Debug|Any CPU
		{17EC469E-6DBF-45B2-A383-F33D27DA4CF9}.Debug|iPhoneSimulator.Deploy.0 = Debug|Any CPU
		{17EC469E-6DBF-45B2-A383-F33D27DA4CF9}.Debug|x64.ActiveCfg = Debug|Any CPU
		{17EC469E-6DBF-45B2-A383-F33D27DA4CF9}.Debug|x64.Build.0 = Debug|Any CPU
		{17EC469E-6DBF-45B2-A383-F33D27DA4CF9}.Debug|x64.Deploy.0 = Debug|Any CPU
		{17EC469E-6DBF-45B2-A383-F33D27DA4CF9}.Debug|x86.ActiveCfg = Debug|Any CPU
		{17EC469E-6DBF-45B2-A383-F33D27DA4CF9}.Debug|x86.Build.0 = Debug|Any CPU
		{17EC469E-6DBF-45B2-A383-F33D27DA4CF9}.Debug|x86.Deploy.0 = Debug|Any CPU
		{17EC469E-6DBF-45B2-A383-F33D27DA4CF9}.Release|Any CPU.ActiveCfg = Release|Any CPU
		{17EC469E-6DBF-45B2-A383-F33D27DA4CF9}.Release|Any CPU.Build.0 = Release|Any CPU
		{17EC469E-6DBF-45B2-A383-F33D27DA4CF9}.Release|Any CPU.Deploy.0 = Release|Any CPU
		{17EC469E-6DBF-45B2-A383-F33D27DA4CF9}.Release|ARM.ActiveCfg = Release|Any CPU
		{17EC469E-6DBF-45B2-A383-F33D27DA4CF9}.Release|ARM.Build.0 = Release|Any CPU
		{17EC469E-6DBF-45B2-A383-F33D27DA4CF9}.Release|ARM.Deploy.0 = Release|Any CPU
		{17EC469E-6DBF-45B2-A383-F33D27DA4CF9}.Release|iPhone.ActiveCfg = Release|Any CPU
		{17EC469E-6DBF-45B2-A383-F33D27DA4CF9}.Release|iPhone.Build.0 = Release|Any CPU
		{17EC469E-6DBF-45B2-A383-F33D27DA4CF9}.Release|iPhone.Deploy.0 = Release|Any CPU
		{17EC469E-6DBF-45B2-A383-F33D27DA4CF9}.Release|iPhoneSimulator.ActiveCfg = Release|Any CPU
		{17EC469E-6DBF-45B2-A383-F33D27DA4CF9}.Release|iPhoneSimulator.Build.0 = Release|Any CPU
		{17EC469E-6DBF-45B2-A383-F33D27DA4CF9}.Release|iPhoneSimulator.Deploy.0 = Release|Any CPU
		{17EC469E-6DBF-45B2-A383-F33D27DA4CF9}.Release|x64.ActiveCfg = Release|Any CPU
		{17EC469E-6DBF-45B2-A383-F33D27DA4CF9}.Release|x64.Build.0 = Release|Any CPU
		{17EC469E-6DBF-45B2-A383-F33D27DA4CF9}.Release|x64.Deploy.0 = Release|Any CPU
		{17EC469E-6DBF-45B2-A383-F33D27DA4CF9}.Release|x86.ActiveCfg = Release|Any CPU
		{17EC469E-6DBF-45B2-A383-F33D27DA4CF9}.Release|x86.Build.0 = Release|Any CPU
		{17EC469E-6DBF-45B2-A383-F33D27DA4CF9}.Release|x86.Deploy.0 = Release|Any CPU
	EndGlobalSection
	GlobalSection(SolutionProperties) = preSolution
		HideSolutionNode = FALSE
	EndGlobalSection
	GlobalSection(ExtensibilityGlobals) = postSolution
		SolutionGuid = {2FAB42E6-7B97-4999-B7AC-A1CA020E1CFB}
	EndGlobalSection
EndGlobal
